
Microsoft Visual Studio Solution File, Format Version 12.00
# Visual Studio Version 17
VisualStudioVersion = 17.3.32901.215
MinimumVisualStudioVersion = 10.0.40219.1
Project("{FAE04EC0-301F-11D3-BF4B-00C04F79EFBC}") = "01_base", "01_base\01_base.csproj", "{004DB321-A2C1-4483-864A-27215BF5E2DC}"
EndProject
Global
	GlobalSection(SolutionConfigurationPlatforms) = preSolution
		Debug|Any CPU = Debug|Any CPU
		Release|Any CPU = Release|Any CPU
	EndGlobalSection
	GlobalSection(ProjectConfigurationPlatforms) = postSolution
		{004DB321-A2C1-4483-864A-27215BF5E2DC}.Debug|Any CPU.ActiveCfg = Debug|Any CPU
		{004DB321-A2C1-4483-864A-27215BF5E2DC}.Debug|Any CPU.Build.0 = Debug|Any CPU
		{004DB321-A2C1-4483-864A-27215BF5E2DC}.Release|Any CPU.ActiveCfg = Release|Any CPU
		{004DB321-A2C1-4483-864A-27215BF5E2DC}.Release|Any CPU.Build.0 = Release|Any CPU
	EndGlobalSection
	GlobalSection(SolutionProperties) = preSolution
		HideSolutionNode = FALSE
	EndGlobalSection
	GlobalSection(ExtensibilityGlobals) = postSolution
		SolutionGuid = {8E0E2FD0-76AB-4B87-88D4-79C86736FCD3}
	EndGlobalSection
EndGlobal
